
Microsoft Visual Studio Solution File, Format Version 12.00
# Visual Studio Version 16
VisualStudioVersion = 16.0.29424.173
MinimumVisualStudioVersion = 10.0.40219.1
Project("{8BC9CEB8-8B4A-11D0-8D11-00A0C91BC942}") = "MyoBand Pose - Arduino Comm", "hello-myo-VisualStudio2012.vcxproj", "{182987B5-A3A5-4847-98A9-0F4079B1A86C}"
EndProject
Global
	GlobalSection(SolutionConfigurationPlatforms) = preSolution
		Debug|x64 = Debug|x64
		Debug|x86 = Debug|x86
		Release|x64 = Release|x64
		Release|x86 = Release|x86
	EndGlobalSection
	GlobalSection(ProjectConfigurationPlatforms) = postSolution
		{182987B5-A3A5-4847-98A9-0F4079B1A86C}.Debug|x64.ActiveCfg = Debug|x64
		{182987B5-A3A5-4847-98A9-0F4079B1A86C}.Debug|x64.Build.0 = Debug|x64
		{182987B5-A3A5-4847-98A9-0F4079B1A86C}.Debug|x86.ActiveCfg = Debug|Win32
		{182987B5-A3A5-4847-98A9-0F4079B1A86C}.Debug|x86.Build.0 = Debug|Win32
		{182987B5-A3A5-4847-98A9-0F4079B1A86C}.Release|x64.ActiveCfg = Release|x64
		{182987B5-A3A5-4847-98A9-0F4079B1A86C}.Release|x64.Build.0 = Release|x64
		{182987B5-A3A5-4847-98A9-0F4079B1A86C}.Release|x86.ActiveCfg = Release|Win32
		{182987B5-A3A5-4847-98A9-0F4079B1A86C}.Release|x86.Build.0 = Release|Win32
	EndGlobalSection
	GlobalSection(SolutionProperties) = preSolution
		HideSolutionNode = FALSE
	EndGlobalSection
	GlobalSection(ExtensibilityGlobals) = postSolution
		SolutionGuid = {38B1FF17-2763-4129-BEC2-5D20D669405B}
	EndGlobalSection
EndGlobal
